
Microsoft Visual Studio Solution File, Format Version 12.00
# Visual Studio 2015
Project("{FAE04EC0-301F-11D3-BF4B-00C04F79EFBC}") = "SpaceGameClassProject", "SpaceGameClassProject.csproj", "{0E951B2E-D3E2-F4F0-F4EC-3E1431EDE3AD}"
EndProject
Global
	GlobalSection(SolutionConfigurationPlatforms) = preSolution
		Debug|Any CPU = Debug|Any CPU
		Release|Any CPU = Release|Any CPU
	EndGlobalSection
	GlobalSection(ProjectConfigurationPlatforms) = postSolution
		{0E951B2E-D3E2-F4F0-F4EC-3E1431EDE3AD}.Debug|Any CPU.ActiveCfg = Debug|Any CPU
		{0E951B2E-D3E2-F4F0-F4EC-3E1431EDE3AD}.Debug|Any CPU.Build.0 = Debug|Any CPU
		{0E951B2E-D3E2-F4F0-F4EC-3E1431EDE3AD}.Release|Any CPU.ActiveCfg = Release|Any CPU
		{0E951B2E-D3E2-F4F0-F4EC-3E1431EDE3AD}.Release|Any CPU.Build.0 = Release|Any CPU
	EndGlobalSection
	GlobalSection(SolutionProperties) = preSolution
		HideSolutionNode = FALSE
	EndGlobalSection
EndGlobal
